
Microsoft Visual Studio Solution File, Format Version 12.00
# Visual Studio 14
VisualStudioVersion = 14.0.24720.0
MinimumVisualStudioVersion = 10.0.40219.1
Project("{FAE04EC0-301F-11D3-BF4B-00C04F79EFBC}") = "Ara2.AraTimer", "Ara2.AraTimer\Ara2.AraTimer.csproj", "{2D73E0BF-88B6-4C73-84F1-94EA2D7D9275}"
EndProject
Global
	GlobalSection(SolutionConfigurationPlatforms) = preSolution
		Debug|Any CPU = Debug|Any CPU
		Release|Any CPU = Release|Any CPU
	EndGlobalSection
	GlobalSection(ProjectConfigurationPlatforms) = postSolution
		{2D73E0BF-88B6-4C73-84F1-94EA2D7D9275}.Debug|Any CPU.ActiveCfg = Debug|Any CPU
		{2D73E0BF-88B6-4C73-84F1-94EA2D7D9275}.Debug|Any CPU.Build.0 = Debug|Any CPU
		{2D73E0BF-88B6-4C73-84F1-94EA2D7D9275}.Release|Any CPU.ActiveCfg = Release|Any CPU
		{2D73E0BF-88B6-4C73-84F1-94EA2D7D9275}.Release|Any CPU.Build.0 = Release|Any CPU
	EndGlobalSection
	GlobalSection(SolutionProperties) = preSolution
		HideSolutionNode = FALSE
	EndGlobalSection
EndGlobal
