
Microsoft Visual Studio Solution File, Format Version 12.00
# Visual Studio 14
VisualStudioVersion = 14.0.24720.0
MinimumVisualStudioVersion = 10.0.40219.1
Project("{FAE04EC0-301F-11D3-BF4B-00C04F79EFBC}") = "Ara2.ToolsExtension", "Ara2.ToolsExtension\Ara2.ToolsExtension.csproj", "{6875EAC9-8250-47D3-B309-60EFFC586BB0}"
EndProject
Project("{FAE04EC0-301F-11D3-BF4B-00C04F79EFBC}") = "Ara2", "..\Ara2.csproj", "{83FED7F3-8938-48DE-AAD4-BF77FB77F264}"
EndProject
Global
	GlobalSection(SolutionConfigurationPlatforms) = preSolution
		Debug|Any CPU = Debug|Any CPU
		Release|Any CPU = Release|Any CPU
	EndGlobalSection
	GlobalSection(ProjectConfigurationPlatforms) = postSolution
		{6875EAC9-8250-47D3-B309-60EFFC586BB0}.Debug|Any CPU.ActiveCfg = Debug|Any CPU
		{6875EAC9-8250-47D3-B309-60EFFC586BB0}.Debug|Any CPU.Build.0 = Debug|Any CPU
		{6875EAC9-8250-47D3-B309-60EFFC586BB0}.Release|Any CPU.ActiveCfg = Release|Any CPU
		{6875EAC9-8250-47D3-B309-60EFFC586BB0}.Release|Any CPU.Build.0 = Release|Any CPU
		{83FED7F3-8938-48DE-AAD4-BF77FB77F264}.Debug|Any CPU.ActiveCfg = Debug|Any CPU
		{83FED7F3-8938-48DE-AAD4-BF77FB77F264}.Debug|Any CPU.Build.0 = Debug|Any CPU
		{83FED7F3-8938-48DE-AAD4-BF77FB77F264}.Release|Any CPU.ActiveCfg = Release|Any CPU
		{83FED7F3-8938-48DE-AAD4-BF77FB77F264}.Release|Any CPU.Build.0 = Release|Any CPU
	EndGlobalSection
	GlobalSection(SolutionProperties) = preSolution
		HideSolutionNode = FALSE
	EndGlobalSection
EndGlobal
